{
  "name": "level4",
  "lockfileVersion": 2,
  "requires": true,
  "packages": {
    "": {
      "devDependencies": {
        "require": "npm:Require@^1.1.2"
      }
    },
    "node_modules/require": {
      "name": "Require",
      "version": "1.1.2",
      "resolved": "https://registry.npmmirror.com/require/-/require-1.1.2.tgz",
      "integrity": "sha512-UCsVklHPcdwYBjs2MCFOr3rO3aeDr3RBusgKu19ezRm4wUM01utVTduwxrMmsjg6npFbO6lrqja9W9yLATa3DA==",
      "dev": true
    }
  },
  "dependencies": {
    "require": {
      "version": "npm:Require@1.1.2",
      "resolved": "https://registry.npmmirror.com/require/-/require-1.1.2.tgz",
      "integrity": "sha512-UCsVklHPcdwYBjs2MCFOr3rO3aeDr3RBusgKu19ezRm4wUM01utVTduwxrMmsjg6npFbO6lrqja9W9yLATa3DA==",
      "dev": true
    }
  }
}
